
Microsoft Visual Studio Solution File, Format Version 12.00
# Visual Studio Version 16
VisualStudioVersion = 16.0.29613.14
MinimumVisualStudioVersion = 10.0.40219.1
Project("{FAE04EC0-301F-11D3-BF4B-00C04F79EFBC}") = "BlazorOnNetlify", "BlazorOnNetlify\BlazorOnNetlify.csproj", "{D4BABDC2-8918-4D79-8DC8-7519D490C275}"
EndProject
Global
	GlobalSection(SolutionConfigurationPlatforms) = preSolution
		Debug|Any CPU = Debug|Any CPU
		Release|Any CPU = Release|Any CPU
	EndGlobalSection
	GlobalSection(ProjectConfigurationPlatforms) = postSolution
		{D4BABDC2-8918-4D79-8DC8-7519D490C275}.Debug|Any CPU.ActiveCfg = Debug|Any CPU
		{D4BABDC2-8918-4D79-8DC8-7519D490C275}.Debug|Any CPU.Build.0 = Debug|Any CPU
		{D4BABDC2-8918-4D79-8DC8-7519D490C275}.Release|Any CPU.ActiveCfg = Release|Any CPU
		{D4BABDC2-8918-4D79-8DC8-7519D490C275}.Release|Any CPU.Build.0 = Release|Any CPU
	EndGlobalSection
	GlobalSection(SolutionProperties) = preSolution
		HideSolutionNode = FALSE
	EndGlobalSection
	GlobalSection(ExtensibilityGlobals) = postSolution
		SolutionGuid = {45589547-848F-4085-AF5C-D18B82514DA6}
	EndGlobalSection
EndGlobal
